
Microsoft Visual Studio Solution File, Format Version 12.00
# Visual Studio 14
VisualStudioVersion = 14.0.25420.1
MinimumVisualStudioVersion = 10.0.40219.1
Project("{FAE04EC0-301F-11D3-BF4B-00C04F79EFBC}") = "Server", "Server\Server.csproj", "{0691FC95-917D-463F-96FD-A04F648B8D98}"
EndProject
Project("{FAE04EC0-301F-11D3-BF4B-00C04F79EFBC}") = "Client", "Client\Client.csproj", "{250EF198-CDE6-41AB-8AED-AF8D93C00FBA}"
EndProject
Project("{FAE04EC0-301F-11D3-BF4B-00C04F79EFBC}") = "Common", "Common\Common.csproj", "{3A34F8D6-3943-422A-8427-6067F2E84362}"
EndProject
Global
	GlobalSection(SolutionConfigurationPlatforms) = preSolution
		Debug|Any CPU = Debug|Any CPU
		Release|Any CPU = Release|Any CPU
	EndGlobalSection
	GlobalSection(ProjectConfigurationPlatforms) = postSolution
		{0691FC95-917D-463F-96FD-A04F648B8D98}.Debug|Any CPU.ActiveCfg = Debug|Any CPU
		{0691FC95-917D-463F-96FD-A04F648B8D98}.Debug|Any CPU.Build.0 = Debug|Any CPU
		{0691FC95-917D-463F-96FD-A04F648B8D98}.Release|Any CPU.ActiveCfg = Release|Any CPU
		{0691FC95-917D-463F-96FD-A04F648B8D98}.Release|Any CPU.Build.0 = Release|Any CPU
		{250EF198-CDE6-41AB-8AED-AF8D93C00FBA}.Debug|Any CPU.ActiveCfg = Debug|Any CPU
		{250EF198-CDE6-41AB-8AED-AF8D93C00FBA}.Debug|Any CPU.Build.0 = Debug|Any CPU
		{250EF198-CDE6-41AB-8AED-AF8D93C00FBA}.Release|Any CPU.ActiveCfg = Release|Any CPU
		{250EF198-CDE6-41AB-8AED-AF8D93C00FBA}.Release|Any CPU.Build.0 = Release|Any CPU
		{3A34F8D6-3943-422A-8427-6067F2E84362}.Debug|Any CPU.ActiveCfg = Debug|Any CPU
		{3A34F8D6-3943-422A-8427-6067F2E84362}.Debug|Any CPU.Build.0 = Debug|Any CPU
		{3A34F8D6-3943-422A-8427-6067F2E84362}.Release|Any CPU.ActiveCfg = Release|Any CPU
		{3A34F8D6-3943-422A-8427-6067F2E84362}.Release|Any CPU.Build.0 = Release|Any CPU
	EndGlobalSection
	GlobalSection(SolutionProperties) = preSolution
		HideSolutionNode = FALSE
	EndGlobalSection
EndGlobal
